
Microsoft Visual Studio Solution File, Format Version 12.00
# Visual Studio 15
VisualStudioVersion = 15.0.27130.0
MinimumVisualStudioVersion = 10.0.40219.1
Project("{FAE04EC0-301F-11D3-BF4B-00C04F79EFBC}") = "ClassLibrary1", "ClassLibrary1\ClassLibrary1.csproj", "{FC62B5B7-4237-49CB-BF90-75669035BC3A}"
EndProject
Project("{FAE04EC0-301F-11D3-BF4B-00C04F79EFBC}") = "ClassLibrary2", "ClassLibrary2\ClassLibrary2.csproj", "{A7EDC85E-4CED-4AEC-A749-0D2B7E47441A}"
EndProject
Global
	GlobalSection(SolutionConfigurationPlatforms) = preSolution
		Debug|Any CPU = Debug|Any CPU
		Release|Any CPU = Release|Any CPU
	EndGlobalSection
	GlobalSection(ProjectConfigurationPlatforms) = postSolution
		{FC62B5B7-4237-49CB-BF90-75669035BC3A}.Debug|Any CPU.ActiveCfg = Debug|Any CPU
		{FC62B5B7-4237-49CB-BF90-75669035BC3A}.Debug|Any CPU.Build.0 = Debug|Any CPU
		{FC62B5B7-4237-49CB-BF90-75669035BC3A}.Release|Any CPU.ActiveCfg = Release|Any CPU
		{FC62B5B7-4237-49CB-BF90-75669035BC3A}.Release|Any CPU.Build.0 = Release|Any CPU
		{A7EDC85E-4CED-4AEC-A749-0D2B7E47441A}.Debug|Any CPU.ActiveCfg = Debug|Any CPU
		{A7EDC85E-4CED-4AEC-A749-0D2B7E47441A}.Debug|Any CPU.Build.0 = Debug|Any CPU
		{A7EDC85E-4CED-4AEC-A749-0D2B7E47441A}.Release|Any CPU.ActiveCfg = Release|Any CPU
		{A7EDC85E-4CED-4AEC-A749-0D2B7E47441A}.Release|Any CPU.Build.0 = Release|Any CPU
	EndGlobalSection
	GlobalSection(SolutionProperties) = preSolution
		HideSolutionNode = FALSE
	EndGlobalSection
	GlobalSection(ExtensibilityGlobals) = postSolution
		SolutionGuid = {9C3F5545-434A-48D9-A79E-2EFADB790243}
	EndGlobalSection
EndGlobal
